
Microsoft Visual Studio Solution File, Format Version 12.00
# Visual Studio Version 17
VisualStudioVersion = 17.11.35327.3
MinimumVisualStudioVersion = 10.0.40219.1
Project("{8BC9CEB8-8B4A-11D0-8D11-00A0C91BC942}") = "IteratorLinkedList", "IteratorLinkedList\IteratorLinkedList.vcxproj", "{CBDD247E-5721-47C6-B464-750FCAF9784B}"
EndProject
Global
	GlobalSection(SolutionConfigurationPlatforms) = preSolution
		Debug|x64 = Debug|x64
		Debug|x86 = Debug|x86
		Release|x64 = Release|x64
		Release|x86 = Release|x86
	EndGlobalSection
	GlobalSection(ProjectConfigurationPlatforms) = postSolution
		{CBDD247E-5721-47C6-B464-750FCAF9784B}.Debug|x64.ActiveCfg = Debug|x64
		{CBDD247E-5721-47C6-B464-750FCAF9784B}.Debug|x64.Build.0 = Debug|x64
		{CBDD247E-5721-47C6-B464-750FCAF9784B}.Debug|x86.ActiveCfg = Debug|Win32
		{CBDD247E-5721-47C6-B464-750FCAF9784B}.Debug|x86.Build.0 = Debug|Win32
		{CBDD247E-5721-47C6-B464-750FCAF9784B}.Release|x64.ActiveCfg = Release|x64
		{CBDD247E-5721-47C6-B464-750FCAF9784B}.Release|x64.Build.0 = Release|x64
		{CBDD247E-5721-47C6-B464-750FCAF9784B}.Release|x86.ActiveCfg = Release|Win32
		{CBDD247E-5721-47C6-B464-750FCAF9784B}.Release|x86.Build.0 = Release|Win32
	EndGlobalSection
	GlobalSection(SolutionProperties) = preSolution
		HideSolutionNode = FALSE
	EndGlobalSection
	GlobalSection(ExtensibilityGlobals) = postSolution
		SolutionGuid = {8443FE8C-206D-4E78-A4E9-1246EDB62E74}
	EndGlobalSection
EndGlobal
